{
  "name": "can-stache-loader",
  "version": "1.0.0-beta",
  "lockfileVersion": 1,
  "requires": true,
  "dependencies": {
    "can": {
      "version": "2.3.31",
      "resolved": "https://registry.npmjs.org/can/-/can-2.3.31.tgz",
      "integrity": "sha1-EWL12nNdSiNNUtlOqk6zZm7PvWI=",
      "requires": {
        "can-simple-dom": "0.3.0",
        "jquery": "2.2.4"
      },
      "dependencies": {
        "jquery": {
          "version": "2.2.4",
          "resolved": "https://registry.npmjs.org/jquery/-/jquery-2.2.4.tgz",
          "integrity": "sha1-LInWiJterFIqfuoywUUhVZxsvwI="
        }
      }
    },
    "can-assign": {
      "version": "1.1.1",
      "resolved": "https://registry.npmjs.org/can-assign/-/can-assign-1.1.1.tgz",
      "integrity": "sha512-PIxofVeqRsmq6biiD/w2nyEYQ28WeTzKF5kWGmSEldMRauMShvvmWzJdVyIFdl4YREkUhnnRH+nVc72uL2EpSg=="
    },
    "can-attribute-encoder": {
      "version": "1.0.5",
      "resolved": "https://registry.npmjs.org/can-attribute-encoder/-/can-attribute-encoder-1.0.5.tgz",
      "integrity": "sha512-x9I+OllPDs3xxdUCj4Rbj1D2Xq/QzGq6OFVhGR7HgxYCD83r4d61skeeO1dWjHlprL5OhrMOxPXZE25+EwGP/w==",
      "requires": {
        "can-log": "1.0.0",
        "can-namespace": "https://registry.npmjs.org/can-namespace/-/can-namespace-1.0.0.tgz"
      }
    },
    "can-cid": {
      "version": "https://registry.npmjs.org/can-cid/-/can-cid-1.0.3.tgz",
      "integrity": "sha1-gVUhYivx+8pPbwtG8OGwevedvhc="
    },
    "can-compute": {
      "version": "https://registry.npmjs.org/can-compute/-/can-compute-3.0.7.tgz",
      "integrity": "sha1-/FCx43IPbt50JfGFqhV/GTrXAoA="
    },
    "can-construct": {
      "version": "https://registry.npmjs.org/can-construct/-/can-construct-3.1.1.tgz",
      "integrity": "sha1-wdgLrwdanFVuB5li8sC/N0NevU8="
    },
    "can-define-lazy-value": {
      "version": "1.0.2",
      "resolved": "https://registry.npmjs.org/can-define-lazy-value/-/can-define-lazy-value-1.0.2.tgz",
      "integrity": "sha512-OlZ9bSqozc4Hk1aoJzh5O3ZLvfsGnudNsE4HmzD5KIagmnysJSCBy8zf6Yx+TC/LvNOcNm6NO9oOqwxGsxiijg=="
    },
    "can-deparam": {
      "version": "1.0.1",
      "resolved": "https://registry.npmjs.org/can-deparam/-/can-deparam-1.0.1.tgz",
      "integrity": "sha1-IcJvj1hg7HIsPm3/l3uO7A3mdBo=",
      "requires": {
        "can-namespace": "https://registry.npmjs.org/can-namespace/-/can-namespace-1.0.0.tgz"
      }
    },
    "can-dom-data": {
      "version": "1.0.1",
      "resolved": "https://registry.npmjs.org/can-dom-data/-/can-dom-data-1.0.1.tgz",
      "integrity": "sha512-ydbZ8HYwGIl2fRPxBLtiNzaFzMBX0s0CFOq+/EhMWFX08IBLSdrykfvmYxzfBOoF58R3eFiCSj3KMwNwvdXYWw==",
      "requires": {
        "can-dom-mutate": "1.0.4",
        "can-namespace": "https://registry.npmjs.org/can-namespace/-/can-namespace-1.0.0.tgz"
      }
    },
    "can-dom-data-state": {
      "version": "1.0.1",
      "resolved": "https://registry.npmjs.org/can-dom-data-state/-/can-dom-data-state-1.0.1.tgz",
      "integrity": "sha512-TM9tk3TrR6Uom4plcmqPzDDYckcYUfQ0+WyUuoFxaDmO0BQr3q38ndePkJSn8203I0mXRZJ6od/cn4OuWheN5A==",
      "requires": {
        "can-cid": "https://registry.npmjs.org/can-cid/-/can-cid-1.0.3.tgz",
        "can-dom-mutate": "1.0.4",
        "can-namespace": "https://registry.npmjs.org/can-namespace/-/can-namespace-1.0.0.tgz"
      }
    },
    "can-dom-events": {
      "version": "1.2.0",
      "resolved": "https://registry.npmjs.org/can-dom-events/-/can-dom-events-1.2.0.tgz",
      "integrity": "sha512-o3+aOgJym9AJfR51E3KmYKI2M8L7UJVkIaaHal49zVlwjEamXiKFrZD+gJ7aw39MjLryadzL0SUA3ajFF/2vrg==",
      "requires": {
        "can-globals": "1.0.1",
        "can-key-tree": "1.0.2",
        "can-namespace": "https://registry.npmjs.org/can-namespace/-/can-namespace-1.0.0.tgz",
        "can-reflect": "1.16.1"
      }
    },
    "can-dom-mutate": {
      "version": "1.0.4",
      "resolved": "https://registry.npmjs.org/can-dom-mutate/-/can-dom-mutate-1.0.4.tgz",
      "integrity": "sha512-S5ifVTNl4AkWeRifNo3S6ceTZil9gP9jE4bvYPeSEwFaYb0LBGcTTs4QXNOIsV30EvLhMx+2LyQRtkbkdFS7+A==",
      "requires": {
        "can-globals": "1.0.1"
      }
    },
    "can-event": {
      "version": "https://registry.npmjs.org/can-event/-/can-event-3.2.0.tgz",
      "integrity": "sha1-60wJwMb7kCokoEhKBSi/sUI6+dc="
    },
    "can-event-queue": {
      "version": "1.0.1",
      "resolved": "https://registry.npmjs.org/can-event-queue/-/can-event-queue-1.0.1.tgz",
      "integrity": "sha512-Yj+LQZjS4yqUP6QiW8UgsvqH8Joa4jZ244Th+oGLCjilC1qC8miBM73BeDl/9Kg+h4SPz/OxbzEiAB9D3DUZ2w==",
      "requires": {
        "can-define-lazy-value": "1.0.2",
        "can-dom-events": "1.2.0",
        "can-key-tree": "1.0.2",
        "can-log": "1.0.0",
        "can-queues": "1.0.1",
        "can-reflect": "1.16.1",
        "can-symbol": "1.6.1"
      }
    },
    "can-event-radiochange": {
      "version": "0.0.2",
      "resolved": "https://registry.npmjs.org/can-event-radiochange/-/can-event-radiochange-0.0.2.tgz",
      "integrity": "sha1-+/0OuhP0OWpqwvoufntZ0ApaqnU="
    },
    "can-globals": {
      "version": "1.0.1",
      "resolved": "https://registry.npmjs.org/can-globals/-/can-globals-1.0.1.tgz",
      "integrity": "sha512-byup8wU59UVDv7KYUvQcUX2EzQOOMucFit+ReGgkOaxhSv/+/DaUcNmCwtvrUocxSfz75XALcW+Zb6pO2qHvYw==",
      "requires": {
        "can-namespace": "https://registry.npmjs.org/can-namespace/-/can-namespace-1.0.0.tgz",
        "can-reflect": "1.16.1",
        "can-symbol": "1.6.1"
      }
    },
    "can-key-tree": {
      "version": "1.0.2",
      "resolved": "https://registry.npmjs.org/can-key-tree/-/can-key-tree-1.0.2.tgz",
      "integrity": "sha512-wzjDHVYPgT5PX6fTVuu54Zgw2+jNUNTC0ELfygabnR+KD+FMbOvmji7Mxx6Di4/eVXaP1pxk6nyEzUBkx+Z/FQ==",
      "requires": {
        "can-reflect": "1.16.1"
      }
    },
    "can-list": {
      "version": "https://registry.npmjs.org/can-list/-/can-list-3.0.3.tgz",
      "integrity": "sha1-L+I4Xrp1Dw21YsrVG7qJDl2uZ6g="
    },
    "can-log": {
      "version": "1.0.0",
      "resolved": "https://registry.npmjs.org/can-log/-/can-log-1.0.0.tgz",
      "integrity": "sha512-5W1zw0jxwVnzRKJJtV6jtxWgobl80rhSVMX0aMQS7QB5GyYL+xbE+3IpARugWlOEutEKmWGXlOkD3LdCL/zyAg=="
    },
    "can-map": {
      "version": "https://registry.npmjs.org/can-map/-/can-map-3.0.6.tgz",
      "integrity": "sha1-gnkGFY1SmIt5wonZMWfvb70LzSQ="
    },
    "can-namespace": {
      "version": "https://registry.npmjs.org/can-namespace/-/can-namespace-1.0.0.tgz",
      "integrity": "sha1-C4+vr7sRNSuerUIi/+OCJAW0Ppk="
    },
    "can-observation": {
      "version": "https://registry.npmjs.org/can-observation/-/can-observation-3.1.2.tgz",
      "integrity": "sha1-2P1uplhEcpzicl5yI7EhqmqZyOs="
    },
    "can-observation-recorder": {
      "version": "1.1.1",
      "resolved": "https://registry.npmjs.org/can-observation-recorder/-/can-observation-recorder-1.1.1.tgz",
      "integrity": "sha512-gABzXQ64KQbeyFo4O+EsmbdYhuvP8m9gUmb/PWde9pkBtGBgn7PNHQf5RL7fc//FZdxP2GlRGGwGEU42Na7mIw==",
      "requires": {
        "can-namespace": "https://registry.npmjs.org/can-namespace/-/can-namespace-1.0.0.tgz",
        "can-symbol": "1.6.1"
      }
    },
    "can-param": {
      "version": "1.0.1",
      "resolved": "https://registry.npmjs.org/can-param/-/can-param-1.0.1.tgz",
      "integrity": "sha1-0Iws5Ug9hAvp+C8dy0W664yOSmY=",
      "requires": {
        "can-namespace": "https://registry.npmjs.org/can-namespace/-/can-namespace-1.0.0.tgz"
      }
    },
    "can-queues": {
      "version": "1.0.1",
      "resolved": "https://registry.npmjs.org/can-queues/-/can-queues-1.0.1.tgz",
      "integrity": "sha512-vD1oPzM8wto8nUT0jYhTw+/LBtuSGRRNe33VvXpkhT/YtOZCBG9ecg9Q8MCq8TtEssfN90EtiOPRTm4FF6O99g==",
      "requires": {
        "can-assign": "1.1.1",
        "can-log": "1.0.0",
        "can-namespace": "https://registry.npmjs.org/can-namespace/-/can-namespace-1.0.0.tgz",
        "can-util": "https://registry.npmjs.org/can-util/-/can-util-3.3.5.tgz"
      }
    },
    "can-reflect": {
      "version": "1.16.1",
      "resolved": "https://registry.npmjs.org/can-reflect/-/can-reflect-1.16.1.tgz",
      "integrity": "sha512-T9C7KWGIWpu4TYeLCmVwi5K03BSLPRfOQv+px6NLcCTA9KHrDyYOLP1tpZ8IXVNZ5jde9qTN9tm3RbAbxavRYA==",
      "requires": {
        "can-namespace": "https://registry.npmjs.org/can-namespace/-/can-namespace-1.0.0.tgz",
        "can-symbol": "1.6.1"
      }
    },
    "can-reflect-promise": {
      "version": "2.0.1",
      "resolved": "https://registry.npmjs.org/can-reflect-promise/-/can-reflect-promise-2.0.1.tgz",
      "integrity": "sha512-slTyeUlFwzxuc+m07gCKSY9Y+fcZaSWUlJjMGMx34LTsycxGVsfRlTSCw/sL2Hu1uGQ7+LMkrtQUbMYnBzpJOw==",
      "requires": {
        "can-key-tree": "1.0.2",
        "can-log": "1.0.0",
        "can-observation": "https://registry.npmjs.org/can-observation/-/can-observation-3.1.2.tgz",
        "can-observation-recorder": "1.1.1",
        "can-queues": "1.0.1",
        "can-reflect": "1.16.1",
        "can-symbol": "1.6.1",
        "can-util": "https://registry.npmjs.org/can-util/-/can-util-3.3.5.tgz"
      }
    },
    "can-route": {
      "version": "https://registry.npmjs.org/can-route/-/can-route-3.0.8.tgz",
      "integrity": "sha1-+dn0Oxpap6mEjZ9f0NWbqwBqAxI="
    },
    "can-simple-dom": {
      "version": "0.3.0",
      "resolved": "https://registry.npmjs.org/can-simple-dom/-/can-simple-dom-0.3.0.tgz",
      "integrity": "sha1-p7Nk0ihZXhGjtunWYnQeiTxYM50=",
      "requires": {
        "micro-location": "0.1.5",
        "simple-html-tokenizer": "0.2.6"
      }
    },
    "can-simple-map": {
      "version": "https://registry.npmjs.org/can-simple-map/-/can-simple-map-3.1.3.tgz",
      "integrity": "sha1-QV/vRXgoHrtR9eWd/qK2ykxqhAo="
    },
    "can-simple-observable": {
      "version": "2.0.4",
      "resolved": "https://registry.npmjs.org/can-simple-observable/-/can-simple-observable-2.0.4.tgz",
      "integrity": "sha512-aH093lREaRLjj3BFMVX4igxiMwoCV9GfBUR22FmHwXX/bE3u5svpXtpxq+apyABikTNQb26ivAgBIa7GleZ9Mg==",
      "requires": {
        "can-event-queue": "1.0.1",
        "can-key-tree": "1.0.2",
        "can-log": "1.0.0",
        "can-namespace": "https://registry.npmjs.org/can-namespace/-/can-namespace-1.0.0.tgz",
        "can-observation": "https://registry.npmjs.org/can-observation/-/can-observation-3.1.2.tgz",
        "can-observation-recorder": "1.1.1",
        "can-queues": "1.0.1",
        "can-reflect": "1.16.1",
        "can-symbol": "1.6.1",
        "can-util": "https://registry.npmjs.org/can-util/-/can-util-3.3.5.tgz"
      }
    },
    "can-stache": {
      "version": "4.4.0",
      "resolved": "https://registry.npmjs.org/can-stache/-/can-stache-4.4.0.tgz",
      "integrity": "sha512-kvD/65puHu9n8wIPxJfqje/uie9wwk4p1CyF+1eNVqN2a7oJuFzqVA8KmzFGP6RI26Q6SdCLx0SEAJS0cvtArA==",
      "requires": {
        "can-assign": "1.1.1",
        "can-attribute-encoder": "1.0.5",
        "can-dom-data": "1.0.1",
        "can-dom-data-state": "1.0.1",
        "can-dom-mutate": "1.0.4",
        "can-globals": "1.0.1",
        "can-log": "1.0.0",
        "can-namespace": "https://registry.npmjs.org/can-namespace/-/can-namespace-1.0.0.tgz",
        "can-observation": "https://registry.npmjs.org/can-observation/-/can-observation-3.1.2.tgz",
        "can-observation-recorder": "1.1.1",
        "can-reflect": "1.16.1",
        "can-simple-observable": "2.0.4",
        "can-stache-ast": "1.0.0",
        "can-stache-helpers": "1.0.0",
        "can-stache-key": "1.0.2",
        "can-symbol": "1.6.1",
        "can-util": "https://registry.npmjs.org/can-util/-/can-util-3.3.5.tgz",
        "can-view-callbacks": "https://registry.npmjs.org/can-view-callbacks/-/can-view-callbacks-3.0.6.tgz",
        "can-view-live": "https://registry.npmjs.org/can-view-live/-/can-view-live-3.0.6.tgz",
        "can-view-nodelist": "https://registry.npmjs.org/can-view-nodelist/-/can-view-nodelist-3.0.4.tgz",
        "can-view-parser": "4.0.2",
        "can-view-scope": "https://registry.npmjs.org/can-view-scope/-/can-view-scope-3.1.4.tgz",
        "can-view-target": "https://registry.npmjs.org/can-view-target/-/can-view-target-3.0.7.tgz"
      }
    },
    "can-stache-ast": {
      "version": "1.0.0",
      "resolved": "https://registry.npmjs.org/can-stache-ast/-/can-stache-ast-1.0.0.tgz",
      "integrity": "sha512-kJmhL1GV3GjHyhJEdn+D0ITRyR8eZ4jQwfIMB+MxMsdgxRxmWEteYi9M2Kd9pXQtA1Unkm4ZUAVd2WXbeA5mAQ==",
      "requires": {
        "can-view-parser": "4.0.2"
      }
    },
    "can-stache-helpers": {
      "version": "1.0.0",
      "resolved": "https://registry.npmjs.org/can-stache-helpers/-/can-stache-helpers-1.0.0.tgz",
      "integrity": "sha512-OR+cLZF1H5S+eW8o5ca4WfmdD8c29HXbUMC3HIXeLG+oOM6DEv5WdEzwvoKhKqNtrdG2nmOsijUX4xbVLaBhZg==",
      "requires": {
        "can-namespace": "https://registry.npmjs.org/can-namespace/-/can-namespace-1.0.0.tgz"
      }
    },
    "can-stache-key": {
      "version": "1.0.2",
      "resolved": "https://registry.npmjs.org/can-stache-key/-/can-stache-key-1.0.2.tgz",
      "integrity": "sha512-vaiXeHtVh8r6xp0dBtvs0I5o0rzza/Shjf3H13L/jnhfffWxmCoyIv3H2XONXmjktryEpa05UgfNaCHUxjAKPA==",
      "requires": {
        "can-log": "1.0.0",
        "can-namespace": "https://registry.npmjs.org/can-namespace/-/can-namespace-1.0.0.tgz",
        "can-observation-recorder": "1.1.1",
        "can-reflect": "1.16.1",
        "can-reflect-promise": "2.0.1",
        "can-symbol": "1.6.1",
        "can-util": "https://registry.npmjs.org/can-util/-/can-util-3.3.5.tgz"
      }
    },
    "can-symbol": {
      "version": "1.6.1",
      "resolved": "https://registry.npmjs.org/can-symbol/-/can-symbol-1.6.1.tgz",
      "integrity": "sha512-C2xIYJcVQ+FW/RrXXKQOoZXnEFqKM28qsPPrmDiV5Bx+kSqms8cnRMqt4SoZ7+89OMv5PSReRJ7fKDE06MdSCg==",
      "requires": {
        "can-namespace": "https://registry.npmjs.org/can-namespace/-/can-namespace-1.0.0.tgz"
      }
    },
    "can-types": {
      "version": "https://registry.npmjs.org/can-types/-/can-types-1.0.4.tgz",
      "integrity": "sha1-n/EJ4Kos6FBQzmPQm9LpGiSflCs="
    },
    "can-util": {
      "version": "https://registry.npmjs.org/can-util/-/can-util-3.3.5.tgz",
      "integrity": "sha1-DxW/4jmWKFC89qVMVABwxBER2e8="
    },
    "can-view-callbacks": {
      "version": "https://registry.npmjs.org/can-view-callbacks/-/can-view-callbacks-3.0.6.tgz",
      "integrity": "sha1-MRAhHWDlyKuoQEZ9NLPbtvBgx9k="
    },
    "can-view-live": {
      "version": "https://registry.npmjs.org/can-view-live/-/can-view-live-3.0.6.tgz",
      "integrity": "sha1-r8ua3gkF1JZ4UjAr2+V4Rqx43PI="
    },
    "can-view-nodelist": {
      "version": "https://registry.npmjs.org/can-view-nodelist/-/can-view-nodelist-3.0.4.tgz",
      "integrity": "sha1-0oOmidkO8zKh7SVb85Q1DEgdrYo="
    },
    "can-view-parser": {
      "version": "4.0.2",
      "resolved": "https://registry.npmjs.org/can-view-parser/-/can-view-parser-4.0.2.tgz",
      "integrity": "sha512-gbRrHzS2gtebmwBInOy9jGV67OtaI8oCvxNc17Xor4vOIa6QulVIlY31cIjx/OCfoTgPoSBzsvsthYStb/IC2A==",
      "requires": {
        "can-attribute-encoder": "1.0.5",
        "can-log": "1.0.0",
        "can-namespace": "https://registry.npmjs.org/can-namespace/-/can-namespace-1.0.0.tgz"
      }
    },
    "can-view-scope": {
      "version": "https://registry.npmjs.org/can-view-scope/-/can-view-scope-3.1.4.tgz",
      "integrity": "sha1-IM1DUTAZ1wGJbgFXwWbo7UYLOPM="
    },
    "can-view-target": {
      "version": "https://registry.npmjs.org/can-view-target/-/can-view-target-3.0.7.tgz",
      "integrity": "sha1-x8UcH4VosiSpw2zNte//LYk6UBY="
    },
    "micro-location": {
      "version": "0.1.5",
      "resolved": "https://registry.npmjs.org/micro-location/-/micro-location-0.1.5.tgz",
      "integrity": "sha1-KCoq2Tol7XOyhol06pmZQo/8G+I="
    },
    "simple-html-tokenizer": {
      "version": "0.2.6",
      "resolved": "https://registry.npmjs.org/simple-html-tokenizer/-/simple-html-tokenizer-0.2.6.tgz",
      "integrity": "sha1-pu+re8cFzzqW8arqoadjZfDRbDM="
    }
  }
}
